
Microsoft Visual Studio Solution File, Format Version 12.00
# Visual Studio 2013
VisualStudioVersion = 12.0.21005.1
MinimumVisualStudioVersion = 10.0.40219.1
Project("{FAE04EC0-301F-11D3-BF4B-00C04F79EFBC}") = "TicTacToeUI", "TicTacToeUI\TicTacToeUI.csproj", "{8BE35AC1-BDDE-4307-AAA0-2ED4D4F4739F}"
EndProject
Project("{FAE04EC0-301F-11D3-BF4B-00C04F79EFBC}") = "TicTacToeLib", "TicTacToeLib\TicTacToeLib.csproj", "{F0A386FF-4ACF-4811-8E02-6266B8B9C189}"
EndProject
Global
	GlobalSection(SolutionConfigurationPlatforms) = preSolution
		Debug|Any CPU = Debug|Any CPU
		Release|Any CPU = Release|Any CPU
	EndGlobalSection
	GlobalSection(ProjectConfigurationPlatforms) = postSolution
		{8BE35AC1-BDDE-4307-AAA0-2ED4D4F4739F}.Debug|Any CPU.ActiveCfg = Debug|Any CPU
		{8BE35AC1-BDDE-4307-AAA0-2ED4D4F4739F}.Debug|Any CPU.Build.0 = Debug|Any CPU
		{8BE35AC1-BDDE-4307-AAA0-2ED4D4F4739F}.Release|Any CPU.ActiveCfg = Release|Any CPU
		{8BE35AC1-BDDE-4307-AAA0-2ED4D4F4739F}.Release|Any CPU.Build.0 = Release|Any CPU
		{F0A386FF-4ACF-4811-8E02-6266B8B9C189}.Debug|Any CPU.ActiveCfg = Debug|Any CPU
		{F0A386FF-4ACF-4811-8E02-6266B8B9C189}.Debug|Any CPU.Build.0 = Debug|Any CPU
		{F0A386FF-4ACF-4811-8E02-6266B8B9C189}.Release|Any CPU.ActiveCfg = Release|Any CPU
		{F0A386FF-4ACF-4811-8E02-6266B8B9C189}.Release|Any CPU.Build.0 = Release|Any CPU
	EndGlobalSection
	GlobalSection(SolutionProperties) = preSolution
		HideSolutionNode = FALSE
	EndGlobalSection
EndGlobal
